
Microsoft Visual Studio Solution File, Format Version 12.00
# Visual Studio Version 17
VisualStudioVersion = 17.7.34031.279
MinimumVisualStudioVersion = 10.0.40219.1
Project("{9A19103F-16F7-4668-BE54-9A1E7A4F7556}") = "Summit", "Summit\Summit.csproj", "{A8957605-2CB9-451A-886C-766300ED2939}"
EndProject
Project("{2150E333-8FDC-42A3-9474-1A3956D46DE8}") = "Solution Items", "Solution Items", "{E3AF08FA-55F6-409A-A3D8-869D1A75BC70}"
	ProjectSection(SolutionItems) = preProject
		README.md = README.md
	EndProjectSection
EndProject
Project("{2150E333-8FDC-42A3-9474-1A3956D46DE8}") = "Videos", "Videos", "{D646BCC3-D688-4B36-A87A-1B1934E3FE18}"
EndProject
Global
	GlobalSection(SolutionConfigurationPlatforms) = preSolution
		Debug|Any CPU = Debug|Any CPU
		Release|Any CPU = Release|Any CPU
	EndGlobalSection
	GlobalSection(ProjectConfigurationPlatforms) = postSolution
		{A8957605-2CB9-451A-886C-766300ED2939}.Debug|Any CPU.ActiveCfg = Debug|Any CPU
		{A8957605-2CB9-451A-886C-766300ED2939}.Debug|Any CPU.Build.0 = Debug|Any CPU
		{A8957605-2CB9-451A-886C-766300ED2939}.Release|Any CPU.ActiveCfg = Release|Any CPU
		{A8957605-2CB9-451A-886C-766300ED2939}.Release|Any CPU.Build.0 = Release|Any CPU
	EndGlobalSection
	GlobalSection(SolutionProperties) = preSolution
		HideSolutionNode = FALSE
	EndGlobalSection
	GlobalSection(NestedProjects) = preSolution
		{D646BCC3-D688-4B36-A87A-1B1934E3FE18} = {E3AF08FA-55F6-409A-A3D8-869D1A75BC70}
	EndGlobalSection
	GlobalSection(ExtensibilityGlobals) = postSolution
		SolutionGuid = {9F54FD9F-EB7E-4190-942F-A196601C679B}
	EndGlobalSection
EndGlobal
